
Microsoft Visual Studio Solution File, Format Version 12.00
# Visual Studio Version 17
VisualStudioVersion = 17.9.34723.18
MinimumVisualStudioVersion = 10.0.40219.1
Project("{FAE04EC0-301F-11D3-BF4B-00C04F79EFBC}") = "SecondApp", "SecondApp\SecondApp.csproj", "{28922C52-B399-4E5C-B1CA-6F18ED9DFDD7}"
EndProject
Global
	GlobalSection(SolutionConfigurationPlatforms) = preSolution
		Debug|Any CPU = Debug|Any CPU
		Release|Any CPU = Release|Any CPU
	EndGlobalSection
	GlobalSection(ProjectConfigurationPlatforms) = postSolution
		{28922C52-B399-4E5C-B1CA-6F18ED9DFDD7}.Debug|Any CPU.ActiveCfg = Debug|Any CPU
		{28922C52-B399-4E5C-B1CA-6F18ED9DFDD7}.Debug|Any CPU.Build.0 = Debug|Any CPU
		{28922C52-B399-4E5C-B1CA-6F18ED9DFDD7}.Release|Any CPU.ActiveCfg = Release|Any CPU
		{28922C52-B399-4E5C-B1CA-6F18ED9DFDD7}.Release|Any CPU.Build.0 = Release|Any CPU
	EndGlobalSection
	GlobalSection(SolutionProperties) = preSolution
		HideSolutionNode = FALSE
	EndGlobalSection
	GlobalSection(ExtensibilityGlobals) = postSolution
		SolutionGuid = {FEA318E7-191C-4CC7-8914-0996A3339680}
	EndGlobalSection
EndGlobal
